// !$*UTF8*$!
{
	archiveVersion = 1;
	classes = {
	};
	objectVersion = 50;
	objects = {

/* Begin PBXBuildFile section */
		F8632DFB24B575E300418BA5 /* AppDelegate.swift in Sources */ = {isa = PBXBuildFile; fileRef = F8632DFA24B575E300418BA5 /* AppDelegate.swift */; };
		F8632DFD24B575E300418BA5 /* SceneDelegate.swift in Sources */ = {isa = PBXBuildFile; fileRef = F8632DFC24B575E300418BA5 /* SceneDelegate.swift */; };
		F8632E0524B575E300418BA5 /* RemindMe.xcdatamodeld in Sources */ = {isa = PBXBuildFile; fileRef = F8632E0324B575E300418BA5 /* RemindMe.xcdatamodeld */; };
		F8632E0724B575E300418BA5 /* Assets.xcassets in Resources */ = {isa = PBXBuildFile; fileRef = F8632E0624B575E300418BA5 /* Assets.xcassets */; };
		F8632E0A24B575E300418BA5 /* LaunchScreen.storyboard in Resources */ = {isa = PBXBuildFile; fileRef = F8632E0824B575E300418BA5 /* LaunchScreen.storyboard */; };
		F8632E1524B575E400418BA5 /* RemindMeTests.swift in Sources */ = {isa = PBXBuildFile; fileRef = F8632E1424B575E400418BA5 /* RemindMeTests.swift */; };
		F8632E2024B575E400418BA5 /* RemindMeUITests.swift in Sources */ = {isa = PBXBuildFile; fileRef = F8632E1F24B575E400418BA5 /* RemindMeUITests.swift */; };
		F8632E3524B5830900418BA5 /* NavigationController.swift in Sources */ = {isa = PBXBuildFile; fileRef = F8632E3424B5830900418BA5 /* NavigationController.swift */; };
		F8632E3724B5837000418BA5 /* RemindersVC.swift in Sources */ = {isa = PBXBuildFile; fileRef = F8632E3624B5837000418BA5 /* RemindersVC.swift */; };
		F8632E3B24B5854800418BA5 /* RemindersListVC.swift in Sources */ = {isa = PBXBuildFile; fileRef = F8632E3A24B5854800418BA5 /* RemindersListVC.swift */; };
		F8632E4024B591D500418BA5 /* UIView+NSLayoutConstraint.swift in Sources */ = {isa = PBXBuildFile; fileRef = F8632E3F24B591D500418BA5 /* UIView+NSLayoutConstraint.swift */; };
		F8632E4224B591F000418BA5 /* UIView+Layer.swift in Sources */ = {isa = PBXBuildFile; fileRef = F8632E4124B591F000418BA5 /* UIView+Layer.swift */; };
		F8632E4524B596AD00418BA5 /* AppIcons.swift in Sources */ = {isa = PBXBuildFile; fileRef = F8632E4424B596AD00418BA5 /* AppIcons.swift */; };
		F8632E4724B5981300418BA5 /* CameraVC.swift in Sources */ = {isa = PBXBuildFile; fileRef = F8632E4624B5981300418BA5 /* CameraVC.swift */; };
		F8632E4924B5985E00418BA5 /* RemindersRouter.swift in Sources */ = {isa = PBXBuildFile; fileRef = F8632E4824B5985E00418BA5 /* RemindersRouter.swift */; };
		F8632E4E24B5A03500418BA5 /* CameraProvider.swift in Sources */ = {isa = PBXBuildFile; fileRef = F8632E4D24B5A03500418BA5 /* CameraProvider.swift */; };
		F8632E5124B5D46800418BA5 /* LitenLogger.swift in Sources */ = {isa = PBXBuildFile; fileRef = F8632E5024B5D46800418BA5 /* LitenLogger.swift */; };
		F8632E5C24B5DC5D00418BA5 /* RemindersViewModel.swift in Sources */ = {isa = PBXBuildFile; fileRef = F8632E5B24B5DC5D00418BA5 /* RemindersViewModel.swift */; };
		F8632E6324B60F7500418BA5 /* ReminderFormCoordinator.swift in Sources */ = {isa = PBXBuildFile; fileRef = F8632E6224B60F7500418BA5 /* ReminderFormCoordinator.swift */; };
		F8632E6524B616D500418BA5 /* NSLocalized+Global.swift in Sources */ = {isa = PBXBuildFile; fileRef = F8632E6424B616D500418BA5 /* NSLocalized+Global.swift */; };
		F8632E6924B61DE000418BA5 /* ReminderFormRouter.swift in Sources */ = {isa = PBXBuildFile; fileRef = F8632E6724B61DE000418BA5 /* ReminderFormRouter.swift */; };
		F8632E6A24B61DE000418BA5 /* ReminderFormVC.swift in Sources */ = {isa = PBXBuildFile; fileRef = F8632E6824B61DE000418BA5 /* ReminderFormVC.swift */; };
		F8632E7024B61E9200418BA5 /* PlaceholderView.swift in Sources */ = {isa = PBXBuildFile; fileRef = F8632E6C24B61E9200418BA5 /* PlaceholderView.swift */; };
		F8632E7124B61E9200418BA5 /* UIViewController+PlaceholderStatus.swift in Sources */ = {isa = PBXBuildFile; fileRef = F8632E6D24B61E9200418BA5 /* UIViewController+PlaceholderStatus.swift */; };
		F8632E7224B61E9200418BA5 /* PlaceholderStatus.swift in Sources */ = {isa = PBXBuildFile; fileRef = F8632E6E24B61E9200418BA5 /* PlaceholderStatus.swift */; };
		F8632E7324B61E9200418BA5 /* Placeholder.swift in Sources */ = {isa = PBXBuildFile; fileRef = F8632E6F24B61E9200418BA5 /* Placeholder.swift */; };
/* End PBXBuildFile section */

/* Begin PBXContainerItemProxy section */
		F8632E1124B575E400418BA5 /* PBXContainerItemProxy */ = {
			isa = PBXContainerItemProxy;
			containerPortal = F8632DEF24B575E300418BA5 /* Project object */;
			proxyType = 1;
			remoteGlobalIDString = F8632DF624B575E300418BA5;
			remoteInfo = RemindMe;
		};
		F8632E1C24B575E400418BA5 /* PBXContainerItemProxy */ = {
			isa = PBXContainerItemProxy;
			containerPortal = F8632DEF24B575E300418BA5 /* Project object */;
			proxyType = 1;
			remoteGlobalIDString = F8632DF624B575E300418BA5;
			remoteInfo = RemindMe;
		};
/* End PBXContainerItemProxy section */

/* Begin PBXFileReference section */
		F8632DF724B575E300418BA5 /* RemindMe.app */ = {isa = PBXFileReference; explicitFileType = wrapper.application; includeInIndex = 0; path = RemindMe.app; sourceTree = BUILT_PRODUCTS_DIR; };
		F8632DFA24B575E300418BA5 /* AppDelegate.swift */ = {isa = PBXFileReference; lastKnownFileType = sourcecode.swift; path = AppDelegate.swift; sourceTree = "<group>"; };
		F8632DFC24B575E300418BA5 /* SceneDelegate.swift */ = {isa = PBXFileReference; lastKnownFileType = sourcecode.swift; path = SceneDelegate.swift; sourceTree = "<group>"; };
		F8632E0424B575E300418BA5 /* RemindMe.xcdatamodel */ = {isa = PBXFileReference; lastKnownFileType = wrapper.xcdatamodel; path = RemindMe.xcdatamodel; sourceTree = "<group>"; };
		F8632E0624B575E300418BA5 /* Assets.xcassets */ = {isa = PBXFileReference; lastKnownFileType = folder.assetcatalog; path = Assets.xcassets; sourceTree = "<group>"; };
		F8632E0924B575E300418BA5 /* Base */ = {isa = PBXFileReference; lastKnownFileType = file.storyboard; name = Base; path = Base.lproj/LaunchScreen.storyboard; sourceTree = "<group>"; };
		F8632E0B24B575E300418BA5 /* Info.plist */ = {isa = PBXFileReference; lastKnownFileType = text.plist.xml; path = Info.plist; sourceTree = "<group>"; };
		F8632E1024B575E400418BA5 /* RemindMeTests.xctest */ = {isa = PBXFileReference; explicitFileType = wrapper.cfbundle; includeInIndex = 0; path = RemindMeTests.xctest; sourceTree = BUILT_PRODUCTS_DIR; };
		F8632E1424B575E400418BA5 /* RemindMeTests.swift */ = {isa = PBXFileReference; lastKnownFileType = sourcecode.swift; path = RemindMeTests.swift; sourceTree = "<group>"; };
		F8632E1624B575E400418BA5 /* Info.plist */ = {isa = PBXFileReference; lastKnownFileType = text.plist.xml; path = Info.plist; sourceTree = "<group>"; };
		F8632E1B24B575E400418BA5 /* RemindMeUITests.xctest */ = {isa = PBXFileReference; explicitFileType = wrapper.cfbundle; includeInIndex = 0; path = RemindMeUITests.xctest; sourceTree = BUILT_PRODUCTS_DIR; };
		F8632E1F24B575E400418BA5 /* RemindMeUITests.swift */ = {isa = PBXFileReference; lastKnownFileType = sourcecode.swift; path = RemindMeUITests.swift; sourceTree = "<group>"; };
		F8632E2124B575E400418BA5 /* Info.plist */ = {isa = PBXFileReference; lastKnownFileType = text.plist.xml; path = Info.plist; sourceTree = "<group>"; };
		F8632E2D24B5792500418BA5 /* README.md */ = {isa = PBXFileReference; lastKnownFileType = net.daringfireball.markdown; path = README.md; sourceTree = "<group>"; };
		F8632E3424B5830900418BA5 /* NavigationController.swift */ = {isa = PBXFileReference; lastKnownFileType = sourcecode.swift; path = NavigationController.swift; sourceTree = "<group>"; };
		F8632E3624B5837000418BA5 /* RemindersVC.swift */ = {isa = PBXFileReference; lastKnownFileType = sourcecode.swift; path = RemindersVC.swift; sourceTree = "<group>"; };
		F8632E3A24B5854800418BA5 /* RemindersListVC.swift */ = {isa = PBXFileReference; lastKnownFileType = sourcecode.swift; path = RemindersListVC.swift; sourceTree = "<group>"; };
		F8632E3F24B591D500418BA5 /* UIView+NSLayoutConstraint.swift */ = {isa = PBXFileReference; fileEncoding = 4; lastKnownFileType = sourcecode.swift; path = "UIView+NSLayoutConstraint.swift"; sourceTree = "<group>"; };
		F8632E4124B591F000418BA5 /* UIView+Layer.swift */ = {isa = PBXFileReference; lastKnownFileType = sourcecode.swift; path = "UIView+Layer.swift"; sourceTree = "<group>"; };
		F8632E4424B596AD00418BA5 /* AppIcons.swift */ = {isa = PBXFileReference; lastKnownFileType = sourcecode.swift; path = AppIcons.swift; sourceTree = "<group>"; };
		F8632E4624B5981300418BA5 /* CameraVC.swift */ = {isa = PBXFileReference; lastKnownFileType = sourcecode.swift; path = CameraVC.swift; sourceTree = "<group>"; };
		F8632E4824B5985E00418BA5 /* RemindersRouter.swift */ = {isa = PBXFileReference; lastKnownFileType = sourcecode.swift; path = RemindersRouter.swift; sourceTree = "<group>"; };
		F8632E4D24B5A03500418BA5 /* CameraProvider.swift */ = {isa = PBXFileReference; lastKnownFileType = sourcecode.swift; path = CameraProvider.swift; sourceTree = "<group>"; };
		F8632E5024B5D46800418BA5 /* LitenLogger.swift */ = {isa = PBXFileReference; fileEncoding = 4; lastKnownFileType = sourcecode.swift; path = LitenLogger.swift; sourceTree = "<group>"; };
		F8632E5B24B5DC5D00418BA5 /* RemindersViewModel.swift */ = {isa = PBXFileReference; lastKnownFileType = sourcecode.swift; path = RemindersViewModel.swift; sourceTree = "<group>"; };
		F8632E6224B60F7500418BA5 /* ReminderFormCoordinator.swift */ = {isa = PBXFileReference; lastKnownFileType = sourcecode.swift; path = ReminderFormCoordinator.swift; sourceTree = "<group>"; };
		F8632E6424B616D500418BA5 /* NSLocalized+Global.swift */ = {isa = PBXFileReference; fileEncoding = 4; lastKnownFileType = sourcecode.swift; path = "NSLocalized+Global.swift"; sourceTree = "<group>"; };
		F8632E6724B61DE000418BA5 /* ReminderFormRouter.swift */ = {isa = PBXFileReference; fileEncoding = 4; lastKnownFileType = sourcecode.swift; path = ReminderFormRouter.swift; sourceTree = "<group>"; };
		F8632E6824B61DE000418BA5 /* ReminderFormVC.swift */ = {isa = PBXFileReference; fileEncoding = 4; lastKnownFileType = sourcecode.swift; path = ReminderFormVC.swift; sourceTree = "<group>"; };
		F8632E6C24B61E9200418BA5 /* PlaceholderView.swift */ = {isa = PBXFileReference; fileEncoding = 4; lastKnownFileType = sourcecode.swift; path = PlaceholderView.swift; sourceTree = "<group>"; };
		F8632E6D24B61E9200418BA5 /* UIViewController+PlaceholderStatus.swift */ = {isa = PBXFileReference; fileEncoding = 4; lastKnownFileType = sourcecode.swift; path = "UIViewController+PlaceholderStatus.swift"; sourceTree = "<group>"; };
		F8632E6E24B61E9200418BA5 /* PlaceholderStatus.swift */ = {isa = PBXFileReference; fileEncoding = 4; lastKnownFileType = sourcecode.swift; path = PlaceholderStatus.swift; sourceTree = "<group>"; };
		F8632E6F24B61E9200418BA5 /* Placeholder.swift */ = {isa = PBXFileReference; fileEncoding = 4; lastKnownFileType = sourcecode.swift; path = Placeholder.swift; sourceTree = "<group>"; };
/* End PBXFileReference section */

/* Begin PBXFrameworksBuildPhase section */
		F8632DF424B575E300418BA5 /* Frameworks */ = {
			isa = PBXFrameworksBuildPhase;
			buildActionMask = 2147483647;
			files = (
			);
			runOnlyForDeploymentPostprocessing = 0;
		};
		F8632E0D24B575E400418BA5 /* Frameworks */ = {
			isa = PBXFrameworksBuildPhase;
			buildActionMask = 2147483647;
			files = (
			);
			runOnlyForDeploymentPostprocessing = 0;
		};
		F8632E1824B575E400418BA5 /* Frameworks */ = {
			isa = PBXFrameworksBuildPhase;
			buildActionMask = 2147483647;
			files = (
			);
			runOnlyForDeploymentPostprocessing = 0;
		};
/* End PBXFrameworksBuildPhase section */

/* Begin PBXGroup section */
		F8632DEE24B575E300418BA5 = {
			isa = PBXGroup;
			children = (
				F8632E2D24B5792500418BA5 /* README.md */,
				F8632DF924B575E300418BA5 /* RemindMe */,
				F8632E1324B575E400418BA5 /* RemindMeTests */,
				F8632E1E24B575E400418BA5 /* RemindMeUITests */,
				F8632DF824B575E300418BA5 /* Products */,
			);
			sourceTree = "<group>";
		};
		F8632DF824B575E300418BA5 /* Products */ = {
			isa = PBXGroup;
			children = (
				F8632DF724B575E300418BA5 /* RemindMe.app */,
				F8632E1024B575E400418BA5 /* RemindMeTests.xctest */,
				F8632E1B24B575E400418BA5 /* RemindMeUITests.xctest */,
			);
			name = Products;
			sourceTree = "<group>";
		};
		F8632DF924B575E300418BA5 /* RemindMe */ = {
			isa = PBXGroup;
			children = (
				F8632DFA24B575E300418BA5 /* AppDelegate.swift */,
				F8632DFC24B575E300418BA5 /* SceneDelegate.swift */,
				F8632E2F24B582AF00418BA5 /* Source */,
				F8632E0624B575E300418BA5 /* Assets.xcassets */,
				F8632E0824B575E300418BA5 /* LaunchScreen.storyboard */,
				F8632E0B24B575E300418BA5 /* Info.plist */,
				F8632E0324B575E300418BA5 /* RemindMe.xcdatamodeld */,
			);
			path = RemindMe;
			sourceTree = "<group>";
		};
		F8632E1324B575E400418BA5 /* RemindMeTests */ = {
			isa = PBXGroup;
			children = (
				F8632E1424B575E400418BA5 /* RemindMeTests.swift */,
				F8632E1624B575E400418BA5 /* Info.plist */,
			);
			path = RemindMeTests;
			sourceTree = "<group>";
		};
		F8632E1E24B575E400418BA5 /* RemindMeUITests */ = {
			isa = PBXGroup;
			children = (
				F8632E1F24B575E400418BA5 /* RemindMeUITests.swift */,
				F8632E2124B575E400418BA5 /* Info.plist */,
			);
			path = RemindMeUITests;
			sourceTree = "<group>";
		};
		F8632E2F24B582AF00418BA5 /* Source */ = {
			isa = PBXGroup;
			children = (
				F8632E3024B582AF00418BA5 /* Scenes */,
				F8632E4A24B59F7E00418BA5 /* Reusables */,
				F8632E3324B582AF00418BA5 /* Helpers */,
			);
			path = Source;
			sourceTree = "<group>";
		};
		F8632E3024B582AF00418BA5 /* Scenes */ = {
			isa = PBXGroup;
			children = (
				F8632E5D24B5DD0600418BA5 /* ReminderForm */,
				F8632E3124B582AF00418BA5 /* Navigation */,
				F8632E3224B582AF00418BA5 /* Reminders */,
				F8632E3924B5850800418BA5 /* RemindersList */,
			);
			path = Scenes;
			sourceTree = "<group>";
		};
		F8632E3124B582AF00418BA5 /* Navigation */ = {
			isa = PBXGroup;
			children = (
				F8632E3424B5830900418BA5 /* NavigationController.swift */,
			);
			path = Navigation;
			sourceTree = "<group>";
		};
		F8632E3224B582AF00418BA5 /* Reminders */ = {
			isa = PBXGroup;
			children = (
				F8632E3624B5837000418BA5 /* RemindersVC.swift */,
				F8632E5B24B5DC5D00418BA5 /* RemindersViewModel.swift */,
				F8632E4824B5985E00418BA5 /* RemindersRouter.swift */,
			);
			path = Reminders;
			sourceTree = "<group>";
		};
		F8632E3324B582AF00418BA5 /* Helpers */ = {
			isa = PBXGroup;
			children = (
				F8632E6424B616D500418BA5 /* NSLocalized+Global.swift */,
				F8632E4F24B5D46800418BA5 /* LitenLogger */,
				F8632E4324B5968F00418BA5 /* Styles */,
				F8632E3E24B591D500418BA5 /* Extensions */,
			);
			path = Helpers;
			sourceTree = "<group>";
		};
		F8632E3824B5850800418BA5 /* Camera */ = {
			isa = PBXGroup;
			children = (
				F8632E4624B5981300418BA5 /* CameraVC.swift */,
			);
			path = Camera;
			sourceTree = "<group>";
		};
		F8632E3924B5850800418BA5 /* RemindersList */ = {
			isa = PBXGroup;
			children = (
				F8632E3A24B5854800418BA5 /* RemindersListVC.swift */,
			);
			path = RemindersList;
			sourceTree = "<group>";
		};
		F8632E3E24B591D500418BA5 /* Extensions */ = {
			isa = PBXGroup;
			children = (
				F8632E3F24B591D500418BA5 /* UIView+NSLayoutConstraint.swift */,
				F8632E4124B591F000418BA5 /* UIView+Layer.swift */,
			);
			path = Extensions;
			sourceTree = "<group>";
		};
		F8632E4324B5968F00418BA5 /* Styles */ = {
			isa = PBXGroup;
			children = (
				F8632E4424B596AD00418BA5 /* AppIcons.swift */,
			);
			path = Styles;
			sourceTree = "<group>";
		};
		F8632E4A24B59F7E00418BA5 /* Reusables */ = {
			isa = PBXGroup;
			children = (
				F8632E6B24B61E9200418BA5 /* PlaceholderStatus */,
				F8632E4C24B5A00400418BA5 /* Camera */,
			);
			path = Reusables;
			sourceTree = "<group>";
		};
		F8632E4C24B5A00400418BA5 /* Camera */ = {
			isa = PBXGroup;
			children = (
				F8632E4D24B5A03500418BA5 /* CameraProvider.swift */,
			);
			path = Camera;
			sourceTree = "<group>";
		};
		F8632E4F24B5D46800418BA5 /* LitenLogger */ = {
			isa = PBXGroup;
			children = (
				F8632E5024B5D46800418BA5 /* LitenLogger.swift */,
			);
			path = LitenLogger;
			sourceTree = "<group>";
		};
		F8632E5D24B5DD0600418BA5 /* ReminderForm */ = {
			isa = PBXGroup;
			children = (
				F8632E3824B5850800418BA5 /* Camera */,
				F8632E6624B61DE000418BA5 /* Form */,
				F8632E6224B60F7500418BA5 /* ReminderFormCoordinator.swift */,
			);
			path = ReminderForm;
			sourceTree = "<group>";
		};
		F8632E6624B61DE000418BA5 /* Form */ = {
			isa = PBXGroup;
			children = (
				F8632E6824B61DE000418BA5 /* ReminderFormVC.swift */,
				F8632E6724B61DE000418BA5 /* ReminderFormRouter.swift */,
			);
			path = Form;
			sourceTree = "<group>";
		};
		F8632E6B24B61E9200418BA5 /* PlaceholderStatus */ = {
			isa = PBXGroup;
			children = (
				F8632E6C24B61E9200418BA5 /* PlaceholderView.swift */,
				F8632E6D24B61E9200418BA5 /* UIViewController+PlaceholderStatus.swift */,
				F8632E6E24B61E9200418BA5 /* PlaceholderStatus.swift */,
				F8632E6F24B61E9200418BA5 /* Placeholder.swift */,
			);
			path = PlaceholderStatus;
			sourceTree = "<group>";
		};
/* End PBXGroup section */

/* Begin PBXNativeTarget section */
		F8632DF624B575E300418BA5 /* RemindMe */ = {
			isa = PBXNativeTarget;
			buildConfigurationList = F8632E2424B575E400418BA5 /* Build configuration list for PBXNativeTarget "RemindMe" */;
			buildPhases = (
				F8632DF324B575E300418BA5 /* Sources */,
				F8632DF424B575E300418BA5 /* Frameworks */,
				F8632DF524B575E300418BA5 /* Resources */,
			);
			buildRules = (
			);
			dependencies = (
			);
			name = RemindMe;
			productName = RemindMe;
			productReference = F8632DF724B575E300418BA5 /* RemindMe.app */;
			productType = "com.apple.product-type.application";
		};
		F8632E0F24B575E400418BA5 /* RemindMeTests */ = {
			isa = PBXNativeTarget;
			buildConfigurationList = F8632E2724B575E400418BA5 /* Build configuration list for PBXNativeTarget "RemindMeTests" */;
			buildPhases = (
				F8632E0C24B575E400418BA5 /* Sources */,
				F8632E0D24B575E400418BA5 /* Frameworks */,
				F8632E0E24B575E400418BA5 /* Resources */,
			);
			buildRules = (
			);
			dependencies = (
				F8632E1224B575E400418BA5 /* PBXTargetDependency */,
			);
			name = RemindMeTests;
			productName = RemindMeTests;
			productReference = F8632E1024B575E400418BA5 /* RemindMeTests.xctest */;
			productType = "com.apple.product-type.bundle.unit-test";
		};
		F8632E1A24B575E400418BA5 /* RemindMeUITests */ = {
			isa = PBXNativeTarget;
			buildConfigurationList = F8632E2A24B575E400418BA5 /* Build configuration list for PBXNativeTarget "RemindMeUITests" */;
			buildPhases = (
				F8632E1724B575E400418BA5 /* Sources */,
				F8632E1824B575E400418BA5 /* Frameworks */,
				F8632E1924B575E400418BA5 /* Resources */,
			);
			buildRules = (
			);
			dependencies = (
				F8632E1D24B575E400418BA5 /* PBXTargetDependency */,
			);
			name = RemindMeUITests;
			productName = RemindMeUITests;
			productReference = F8632E1B24B575E400418BA5 /* RemindMeUITests.xctest */;
			productType = "com.apple.product-type.bundle.ui-testing";
		};
/* End PBXNativeTarget section */

/* Begin PBXProject section */
		F8632DEF24B575E300418BA5 /* Project object */ = {
			isa = PBXProject;
			attributes = {
				LastSwiftUpdateCheck = 1150;
				LastUpgradeCheck = 1150;
				ORGANIZATIONNAME = ajithrnayak;
				TargetAttributes = {
					F8632DF624B575E300418BA5 = {
						CreatedOnToolsVersion = 11.5;
					};
					F8632E0F24B575E400418BA5 = {
						CreatedOnToolsVersion = 11.5;
						TestTargetID = F8632DF624B575E300418BA5;
					};
					F8632E1A24B575E400418BA5 = {
						CreatedOnToolsVersion = 11.5;
						TestTargetID = F8632DF624B575E300418BA5;
					};
				};
			};
			buildConfigurationList = F8632DF224B575E300418BA5 /* Build configuration list for PBXProject "RemindMe" */;
			compatibilityVersion = "Xcode 9.3";
			developmentRegion = en;
			hasScannedForEncodings = 0;
			knownRegions = (
				en,
				Base,
			);
			mainGroup = F8632DEE24B575E300418BA5;
			productRefGroup = F8632DF824B575E300418BA5 /* Products */;
			projectDirPath = "";
			projectRoot = "";
			targets = (
				F8632DF624B575E300418BA5 /* RemindMe */,
				F8632E0F24B575E400418BA5 /* RemindMeTests */,
				F8632E1A24B575E400418BA5 /* RemindMeUITests */,
			);
		};
/* End PBXProject section */

/* Begin PBXResourcesBuildPhase section */
		F8632DF524B575E300418BA5 /* Resources */ = {
			isa = PBXResourcesBuildPhase;
			buildActionMask = 2147483647;
			files = (
				F8632E0A24B575E300418BA5 /* LaunchScreen.storyboard in Resources */,
				F8632E0724B575E300418BA5 /* Assets.xcassets in Resources */,
			);
			runOnlyForDeploymentPostprocessing = 0;
		};
		F8632E0E24B575E400418BA5 /* Resources */ = {
			isa = PBXResourcesBuildPhase;
			buildActionMask = 2147483647;
			files = (
			);
			runOnlyForDeploymentPostprocessing = 0;
		};
		F8632E1924B575E400418BA5 /* Resources */ = {
			isa = PBXResourcesBuildPhase;
			buildActionMask = 2147483647;
			files = (
			);
			runOnlyForDeploymentPostprocessing = 0;
		};
/* End PBXResourcesBuildPhase section */

/* Begin PBXSourcesBuildPhase section */
		F8632DF324B575E300418BA5 /* Sources */ = {
			isa = PBXSourcesBuildPhase;
			buildActionMask = 2147483647;
			files = (
				F8632E3B24B5854800418BA5 /* RemindersListVC.swift in Sources */,
				F8632DFB24B575E300418BA5 /* AppDelegate.swift in Sources */,
				F8632E5C24B5DC5D00418BA5 /* RemindersViewModel.swift in Sources */,
				F8632E3724B5837000418BA5 /* RemindersVC.swift in Sources */,
				F8632E6524B616D500418BA5 /* NSLocalized+Global.swift in Sources */,
				F8632E3524B5830900418BA5 /* NavigationController.swift in Sources */,
				F8632E4524B596AD00418BA5 /* AppIcons.swift in Sources */,
				F8632E0524B575E300418BA5 /* RemindMe.xcdatamodeld in Sources */,
				F8632DFD24B575E300418BA5 /* SceneDelegate.swift in Sources */,
				F8632E5124B5D46800418BA5 /* LitenLogger.swift in Sources */,
				F8632E6324B60F7500418BA5 /* ReminderFormCoordinator.swift in Sources */,
				F8632E4E24B5A03500418BA5 /* CameraProvider.swift in Sources */,
				F8632E7024B61E9200418BA5 /* PlaceholderView.swift in Sources */,
				F8632E6A24B61DE000418BA5 /* ReminderFormVC.swift in Sources */,
				F8632E7124B61E9200418BA5 /* UIViewController+PlaceholderStatus.swift in Sources */,
				F8632E4924B5985E00418BA5 /* RemindersRouter.swift in Sources */,
				F8632E4724B5981300418BA5 /* CameraVC.swift in Sources */,
				F8632E4224B591F000418BA5 /* UIView+Layer.swift in Sources */,
				F8632E4024B591D500418BA5 /* UIView+NSLayoutConstraint.swift in Sources */,
				F8632E7324B61E9200418BA5 /* Placeholder.swift in Sources */,
				F8632E7224B61E9200418BA5 /* PlaceholderStatus.swift in Sources */,
				F8632E6924B61DE000418BA5 /* ReminderFormRouter.swift in Sources */,
			);
			runOnlyForDeploymentPostprocessing = 0;
		};
		F8632E0C24B575E400418BA5 /* Sources */ = {
			isa = PBXSourcesBuildPhase;
			buildActionMask = 2147483647;
			files = (
				F8632E1524B575E400418BA5 /* RemindMeTests.swift in Sources */,
			);
			runOnlyForDeploymentPostprocessing = 0;
		};
		F8632E1724B575E400418BA5 /* Sources */ = {
			isa = PBXSourcesBuildPhase;
			buildActionMask = 2147483647;
			files = (
				F8632E2024B575E400418BA5 /* RemindMeUITests.swift in Sources */,
			);
			runOnlyForDeploymentPostprocessing = 0;
		};
/* End PBXSourcesBuildPhase section */

/* Begin PBXTargetDependency section */
		F8632E1224B575E400418BA5 /* PBXTargetDependency */ = {
			isa = PBXTargetDependency;
			target = F8632DF624B575E300418BA5 /* RemindMe */;
			targetProxy = F8632E1124B575E400418BA5 /* PBXContainerItemProxy */;
		};
		F8632E1D24B575E400418BA5 /* PBXTargetDependency */ = {
			isa = PBXTargetDependency;
			target = F8632DF624B575E300418BA5 /* RemindMe */;
			targetProxy = F8632E1C24B575E400418BA5 /* PBXContainerItemProxy */;
		};
/* End PBXTargetDependency section */

/* Begin PBXVariantGroup section */
		F8632E0824B575E300418BA5 /* LaunchScreen.storyboard */ = {
			isa = PBXVariantGroup;
			children = (
				F8632E0924B575E300418BA5 /* Base */,
			);
			name = LaunchScreen.storyboard;
			sourceTree = "<group>";
		};
/* End PBXVariantGroup section */

/* Begin XCBuildConfiguration section */
		F8632E2224B575E400418BA5 /* Debug */ = {
			isa = XCBuildConfiguration;
			buildSettings = {
				ALWAYS_SEARCH_USER_PATHS = NO;
				CLANG_ANALYZER_NONNULL = YES;
				CLANG_ANALYZER_NUMBER_OBJECT_CONVERSION = YES_AGGRESSIVE;
				CLANG_CXX_LANGUAGE_STANDARD = "gnu++14";
				CLANG_CXX_LIBRARY = "libc++";
				CLANG_ENABLE_MODULES = YES;
				CLANG_ENABLE_OBJC_ARC = YES;
				CLANG_ENABLE_OBJC_WEAK = YES;
				CLANG_WARN_BLOCK_CAPTURE_AUTORELEASING = YES;
				CLANG_WARN_BOOL_CONVERSION = YES;
				CLANG_WARN_COMMA = YES;
				CLANG_WARN_CONSTANT_CONVERSION = YES;
				CLANG_WARN_DEPRECATED_OBJC_IMPLEMENTATIONS = YES;
				CLANG_WARN_DIRECT_OBJC_ISA_USAGE = YES_ERROR;
				CLANG_WARN_DOCUMENTATION_COMMENTS = YES;
				CLANG_WARN_EMPTY_BODY = YES;
				CLANG_WARN_ENUM_CONVERSION = YES;
				CLANG_WARN_INFINITE_RECURSION = YES;
				CLANG_WARN_INT_CONVERSION = YES;
				CLANG_WARN_NON_LITERAL_NULL_CONVERSION = YES;
				CLANG_WARN_OBJC_IMPLICIT_RETAIN_SELF = YES;
				CLANG_WARN_OBJC_LITERAL_CONVERSION = YES;
				CLANG_WARN_OBJC_ROOT_CLASS = YES_ERROR;
				CLANG_WARN_RANGE_LOOP_ANALYSIS = YES;
				CLANG_WARN_STRICT_PROTOTYPES = YES;
				CLANG_WARN_SUSPICIOUS_MOVE = YES;
				CLANG_WARN_UNGUARDED_AVAILABILITY = YES_AGGRESSIVE;
				CLANG_WARN_UNREACHABLE_CODE = YES;
				CLANG_WARN__DUPLICATE_METHOD_MATCH = YES;
				COPY_PHASE_STRIP = NO;
				DEBUG_INFORMATION_FORMAT = dwarf;
				ENABLE_STRICT_OBJC_MSGSEND = YES;
				ENABLE_TESTABILITY = YES;
				GCC_C_LANGUAGE_STANDARD = gnu11;
				GCC_DYNAMIC_NO_PIC = NO;
				GCC_NO_COMMON_BLOCKS = YES;
				GCC_OPTIMIZATION_LEVEL = 0;
				GCC_PREPROCESSOR_DEFINITIONS = (
					"DEBUG=1",
					"$(inherited)",
				);
				GCC_WARN_64_TO_32_BIT_CONVERSION = YES;
				GCC_WARN_ABOUT_RETURN_TYPE = YES_ERROR;
				GCC_WARN_UNDECLARED_SELECTOR = YES;
				GCC_WARN_UNINITIALIZED_AUTOS = YES_AGGRESSIVE;
				GCC_WARN_UNUSED_FUNCTION = YES;
				GCC_WARN_UNUSED_VARIABLE = YES;
				IPHONEOS_DEPLOYMENT_TARGET = 13.5;
				MTL_ENABLE_DEBUG_INFO = INCLUDE_SOURCE;
				MTL_FAST_MATH = YES;
				ONLY_ACTIVE_ARCH = YES;
				SDKROOT = iphoneos;
				SWIFT_ACTIVE_COMPILATION_CONDITIONS = DEBUG;
				SWIFT_OPTIMIZATION_LEVEL = "-Onone";
			};
			name = Debug;
		};
		F8632E2324B575E400418BA5 /* Release */ = {
			isa = XCBuildConfiguration;
			buildSettings = {
				ALWAYS_SEARCH_USER_PATHS = NO;
				CLANG_ANALYZER_NONNULL = YES;
				CLANG_ANALYZER_NUMBER_OBJECT_CONVERSION = YES_AGGRESSIVE;
				CLANG_CXX_LANGUAGE_STANDARD = "gnu++14";
				CLANG_CXX_LIBRARY = "libc++";
				CLANG_ENABLE_MODULES = YES;
				CLANG_ENABLE_OBJC_ARC = YES;
				CLANG_ENABLE_OBJC_WEAK = YES;
				CLANG_WARN_BLOCK_CAPTURE_AUTORELEASING = YES;
				CLANG_WARN_BOOL_CONVERSION = YES;
				CLANG_WARN_COMMA = YES;
				CLANG_WARN_CONSTANT_CONVERSION = YES;
				CLANG_WARN_DEPRECATED_OBJC_IMPLEMENTATIONS = YES;
				CLANG_WARN_DIRECT_OBJC_ISA_USAGE = YES_ERROR;
				CLANG_WARN_DOCUMENTATION_COMMENTS = YES;
				CLANG_WARN_EMPTY_BODY = YES;
				CLANG_WARN_ENUM_CONVERSION = YES;
				CLANG_WARN_INFINITE_RECURSION = YES;
				CLANG_WARN_INT_CONVERSION = YES;
				CLANG_WARN_NON_LITERAL_NULL_CONVERSION = YES;
				CLANG_WARN_OBJC_IMPLICIT_RETAIN_SELF = YES;
				CLANG_WARN_OBJC_LITERAL_CONVERSION = YES;
				CLANG_WARN_OBJC_ROOT_CLASS = YES_ERROR;
				CLANG_WARN_RANGE_LOOP_ANALYSIS = YES;
				CLANG_WARN_STRICT_PROTOTYPES = YES;
				CLANG_WARN_SUSPICIOUS_MOVE = YES;
				CLANG_WARN_UNGUARDED_AVAILABILITY = YES_AGGRESSIVE;
				CLANG_WARN_UNREACHABLE_CODE = YES;
				CLANG_WARN__DUPLICATE_METHOD_MATCH = YES;
				COPY_PHASE_STRIP = NO;
				DEBUG_INFORMATION_FORMAT = "dwarf-with-dsym";
				ENABLE_NS_ASSERTIONS = NO;
				ENABLE_STRICT_OBJC_MSGSEND = YES;
				GCC_C_LANGUAGE_STANDARD = gnu11;
				GCC_NO_COMMON_BLOCKS = YES;
				GCC_WARN_64_TO_32_BIT_CONVERSION = YES;
				GCC_WARN_ABOUT_RETURN_TYPE = YES_ERROR;
				GCC_WARN_UNDECLARED_SELECTOR = YES;
				GCC_WARN_UNINITIALIZED_AUTOS = YES_AGGRESSIVE;
				GCC_WARN_UNUSED_FUNCTION = YES;
				GCC_WARN_UNUSED_VARIABLE = YES;
				IPHONEOS_DEPLOYMENT_TARGET = 13.5;
				MTL_ENABLE_DEBUG_INFO = NO;
				MTL_FAST_MATH = YES;
				SDKROOT = iphoneos;
				SWIFT_COMPILATION_MODE = wholemodule;
				SWIFT_OPTIMIZATION_LEVEL = "-O";
				VALIDATE_PRODUCT = YES;
			};
			name = Release;
		};
		F8632E2524B575E400418BA5 /* Debug */ = {
			isa = XCBuildConfiguration;
			buildSettings = {
				ASSETCATALOG_COMPILER_APPICON_NAME = AppIcon;
				CODE_SIGN_STYLE = Automatic;
				DEVELOPMENT_TEAM = 2E235V8DA2;
				INFOPLIST_FILE = RemindMe/Info.plist;
				LD_RUNPATH_SEARCH_PATHS = (
					"$(inherited)",
					"@executable_path/Frameworks",
				);
				PRODUCT_BUNDLE_IDENTIFIER = com.ajithrnayak.RemindMe;
				PRODUCT_NAME = "$(TARGET_NAME)";
				SWIFT_VERSION = 5.0;
				TARGETED_DEVICE_FAMILY = "1,2";
			};
			name = Debug;
		};
		F8632E2624B575E400418BA5 /* Release */ = {
			isa = XCBuildConfiguration;
			buildSettings = {
				ASSETCATALOG_COMPILER_APPICON_NAME = AppIcon;
				CODE_SIGN_STYLE = Automatic;
				DEVELOPMENT_TEAM = 2E235V8DA2;
				INFOPLIST_FILE = RemindMe/Info.plist;
				LD_RUNPATH_SEARCH_PATHS = (
					"$(inherited)",
					"@executable_path/Frameworks",
				);
				PRODUCT_BUNDLE_IDENTIFIER = com.ajithrnayak.RemindMe;
				PRODUCT_NAME = "$(TARGET_NAME)";
				SWIFT_VERSION = 5.0;
				TARGETED_DEVICE_FAMILY = "1,2";
			};
			name = Release;
		};
		F8632E2824B575E400418BA5 /* Debug */ = {
			isa = XCBuildConfiguration;
			buildSettings = {
				ALWAYS_EMBED_SWIFT_STANDARD_LIBRARIES = YES;
				BUNDLE_LOADER = "$(TEST_HOST)";
				CODE_SIGN_STYLE = Automatic;
				DEVELOPMENT_TEAM = 2E235V8DA2;
				INFOPLIST_FILE = RemindMeTests/Info.plist;
				IPHONEOS_DEPLOYMENT_TARGET = 13.5;
				LD_RUNPATH_SEARCH_PATHS = (
					"$(inherited)",
					"@executable_path/Frameworks",
					"@loader_path/Frameworks",
				);
				PRODUCT_BUNDLE_IDENTIFIER = com.ajithrnayak.RemindMeTests;
				PRODUCT_NAME = "$(TARGET_NAME)";
				SWIFT_VERSION = 5.0;
				TARGETED_DEVICE_FAMILY = "1,2";
				TEST_HOST = "$(BUILT_PRODUCTS_DIR)/RemindMe.app/RemindMe";
			};
			name = Debug;
		};
		F8632E2924B575E400418BA5 /* Release */ = {
			isa = XCBuildConfiguration;
			buildSettings = {
				ALWAYS_EMBED_SWIFT_STANDARD_LIBRARIES = YES;
				BUNDLE_LOADER = "$(TEST_HOST)";
				CODE_SIGN_STYLE = Automatic;
				DEVELOPMENT_TEAM = 2E235V8DA2;
				INFOPLIST_FILE = RemindMeTests/Info.plist;
				IPHONEOS_DEPLOYMENT_TARGET = 13.5;
				LD_RUNPATH_SEARCH_PATHS = (
					"$(inherited)",
					"@executable_path/Frameworks",
					"@loader_path/Frameworks",
				);
				PRODUCT_BUNDLE_IDENTIFIER = com.ajithrnayak.RemindMeTests;
				PRODUCT_NAME = "$(TARGET_NAME)";
				SWIFT_VERSION = 5.0;
				TARGETED_DEVICE_FAMILY = "1,2";
				TEST_HOST = "$(BUILT_PRODUCTS_DIR)/RemindMe.app/RemindMe";
			};
			name = Release;
		};
		F8632E2B24B575E400418BA5 /* Debug */ = {
			isa = XCBuildConfiguration;
			buildSettings = {
				ALWAYS_EMBED_SWIFT_STANDARD_LIBRARIES = YES;
				CODE_SIGN_STYLE = Automatic;
				DEVELOPMENT_TEAM = 2E235V8DA2;
				INFOPLIST_FILE = RemindMeUITests/Info.plist;
				LD_RUNPATH_SEARCH_PATHS = (
					"$(inherited)",
					"@executable_path/Frameworks",
					"@loader_path/Frameworks",
				);
				PRODUCT_BUNDLE_IDENTIFIER = com.ajithrnayak.RemindMeUITests;
				PRODUCT_NAME = "$(TARGET_NAME)";
				SWIFT_VERSION = 5.0;
				TARGETED_DEVICE_FAMILY = "1,2";
				TEST_TARGET_NAME = RemindMe;
			};
			name = Debug;
		};
		F8632E2C24B575E400418BA5 /* Release */ = {
			isa = XCBuildConfiguration;
			buildSettings = {
				ALWAYS_EMBED_SWIFT_STANDARD_LIBRARIES = YES;
				CODE_SIGN_STYLE = Automatic;
				DEVELOPMENT_TEAM = 2E235V8DA2;
				INFOPLIST_FILE = RemindMeUITests/Info.plist;
				LD_RUNPATH_SEARCH_PATHS = (
					"$(inherited)",
					"@executable_path/Frameworks",
					"@loader_path/Frameworks",
				);
				PRODUCT_BUNDLE_IDENTIFIER = com.ajithrnayak.RemindMeUITests;
				PRODUCT_NAME = "$(TARGET_NAME)";
				SWIFT_VERSION = 5.0;
				TARGETED_DEVICE_FAMILY = "1,2";
				TEST_TARGET_NAME = RemindMe;
			};
			name = Release;
		};
/* End XCBuildConfiguration section */

/* Begin XCConfigurationList section */
		F8632DF224B575E300418BA5 /* Build configuration list for PBXProject "RemindMe" */ = {
			isa = XCConfigurationList;
			buildConfigurations = (
				F8632E2224B575E400418BA5 /* Debug */,
				F8632E2324B575E400418BA5 /* Release */,
			);
			defaultConfigurationIsVisible = 0;
			defaultConfigurationName = Release;
		};
		F8632E2424B575E400418BA5 /* Build configuration list for PBXNativeTarget "RemindMe" */ = {
			isa = XCConfigurationList;
			buildConfigurations = (
				F8632E2524B575E400418BA5 /* Debug */,
				F8632E2624B575E400418BA5 /* Release */,
			);
			defaultConfigurationIsVisible = 0;
			defaultConfigurationName = Release;
		};
		F8632E2724B575E400418BA5 /* Build configuration list for PBXNativeTarget "RemindMeTests" */ = {
			isa = XCConfigurationList;
			buildConfigurations = (
				F8632E2824B575E400418BA5 /* Debug */,
				F8632E2924B575E400418BA5 /* Release */,
			);
			defaultConfigurationIsVisible = 0;
			defaultConfigurationName = Release;
		};
		F8632E2A24B575E400418BA5 /* Build configuration list for PBXNativeTarget "RemindMeUITests" */ = {
			isa = XCConfigurationList;
			buildConfigurations = (
				F8632E2B24B575E400418BA5 /* Debug */,
				F8632E2C24B575E400418BA5 /* Release */,
			);
			defaultConfigurationIsVisible = 0;
			defaultConfigurationName = Release;
		};
/* End XCConfigurationList section */

/* Begin XCVersionGroup section */
		F8632E0324B575E300418BA5 /* RemindMe.xcdatamodeld */ = {
			isa = XCVersionGroup;
			children = (
				F8632E0424B575E300418BA5 /* RemindMe.xcdatamodel */,
			);
			currentVersion = F8632E0424B575E300418BA5 /* RemindMe.xcdatamodel */;
			path = RemindMe.xcdatamodeld;
			sourceTree = "<group>";
			versionGroupType = wrapper.xcdatamodel;
		};
/* End XCVersionGroup section */
	};
	rootObject = F8632DEF24B575E300418BA5 /* Project object */;
}
